
Microsoft Visual Studio Solution File, Format Version 12.00
# Visual Studio Version 16
VisualStudioVersion = 25.0.1706.8
MinimumVisualStudioVersion = 10.0.40219.1
Project("{FAE04EC0-301F-11D3-BF4B-00C04F79EFBC}") = "DAL", "DAL\DAL.csproj", "{48EED26D-60DD-4041-B43B-D6E7C112A32B}"
EndProject
Project("{FAE04EC0-301F-11D3-BF4B-00C04F79EFBC}") = "BLL", "BLL\BLL.csproj", "{1AEC14FF-563E-4E41-8C86-CB32C3FC4578}"
EndProject
Project("{FAE04EC0-301F-11D3-BF4B-00C04F79EFBC}") = "MVCWebApp", "MVCWebApp\MVCWebApp.csproj", "{45FFEC80-C413-4EAC-9AE0-E9D68EF97A1B}"
EndProject
Global
	GlobalSection(SolutionConfigurationPlatforms) = preSolution
		Debug|Any CPU = Debug|Any CPU
		Release|Any CPU = Release|Any CPU
	EndGlobalSection
	GlobalSection(ProjectConfigurationPlatforms) = postSolution
		{48EED26D-60DD-4041-B43B-D6E7C112A32B}.Debug|Any CPU.ActiveCfg = Debug|Any CPU
		{48EED26D-60DD-4041-B43B-D6E7C112A32B}.Debug|Any CPU.Build.0 = Debug|Any CPU
		{48EED26D-60DD-4041-B43B-D6E7C112A32B}.Release|Any CPU.ActiveCfg = Release|Any CPU
		{48EED26D-60DD-4041-B43B-D6E7C112A32B}.Release|Any CPU.Build.0 = Release|Any CPU
		{1AEC14FF-563E-4E41-8C86-CB32C3FC4578}.Debug|Any CPU.ActiveCfg = Debug|Any CPU
		{1AEC14FF-563E-4E41-8C86-CB32C3FC4578}.Debug|Any CPU.Build.0 = Debug|Any CPU
		{1AEC14FF-563E-4E41-8C86-CB32C3FC4578}.Release|Any CPU.ActiveCfg = Release|Any CPU
		{1AEC14FF-563E-4E41-8C86-CB32C3FC4578}.Release|Any CPU.Build.0 = Release|Any CPU
		{45FFEC80-C413-4EAC-9AE0-E9D68EF97A1B}.Debug|Any CPU.ActiveCfg = Debug|Any CPU
		{45FFEC80-C413-4EAC-9AE0-E9D68EF97A1B}.Debug|Any CPU.Build.0 = Debug|Any CPU
		{45FFEC80-C413-4EAC-9AE0-E9D68EF97A1B}.Release|Any CPU.ActiveCfg = Release|Any CPU
		{45FFEC80-C413-4EAC-9AE0-E9D68EF97A1B}.Release|Any CPU.Build.0 = Release|Any CPU
	EndGlobalSection
	GlobalSection(SolutionProperties) = preSolution
		HideSolutionNode = FALSE
	EndGlobalSection
	GlobalSection(ExtensibilityGlobals) = postSolution
		SolutionGuid = {96C26EDB-67D5-47A7-8CBD-6B0F088F1FC1}
	EndGlobalSection
EndGlobal
